
Microsoft Visual Studio Solution File, Format Version 12.00
# Visual Studio 15
VisualStudioVersion = 15.0.26430.16
MinimumVisualStudioVersion = 10.0.40219.1
Project("{8BC9CEB8-8B4A-11D0-8D11-00A0C91BC942}") = "함수2", "함수2\함수2.vcxproj", "{218E0E25-7E08-4DD4-BAF6-46490B3173FD}"
EndProject
Project("{8BC9CEB8-8B4A-11D0-8D11-00A0C91BC942}") = "오버로딩", "오버로딩\오버로딩.vcxproj", "{3DE41040-2389-48A2-9F7B-7D17AFCBCAF6}"
EndProject
Project("{8BC9CEB8-8B4A-11D0-8D11-00A0C91BC942}") = "디폴트 인자", "디폴트 인자\디폴트 인자.vcxproj", "{6B060912-9407-4900-A8B6-8AD79E59F751}"
EndProject
Project("{8BC9CEB8-8B4A-11D0-8D11-00A0C91BC942}") = "재귀 호출", "재귀 호출\재귀 호출.vcxproj", "{0618971C-8CF6-47AC-9A54-0BB85B6F38EA}"
EndProject
Project("{8BC9CEB8-8B4A-11D0-8D11-00A0C91BC942}") = "재귀 호출의 활용", "재귀 호출의 활용\재귀 호출의 활용.vcxproj", "{7ED9FD1D-44B5-4BAF-982F-DA8A483FE248}"
EndProject
Project("{8BC9CEB8-8B4A-11D0-8D11-00A0C91BC942}") = "함수에 대한 포인터", "함수에 대한 포인터\함수에 대한 포인터.vcxproj", "{F350F240-6022-49A3-BCAF-4094A2D54953}"
EndProject
Project("{8BC9CEB8-8B4A-11D0-8D11-00A0C91BC942}") = "함수 포인터의 활용", "함수 포인터의 활용\함수 포인터의 활용.vcxproj", "{97CC92D3-B2F9-47C3-89E4-81C90AE57CDA}"
EndProject
Project("{8BC9CEB8-8B4A-11D0-8D11-00A0C91BC942}") = "함수 포인터의 활용2", "함수 포인터의 활용2\함수 포인터의 활용2.vcxproj", "{33B8009A-566D-410E-B41C-90012109ED44}"
EndProject
Global
	GlobalSection(SolutionConfigurationPlatforms) = preSolution
		Debug|x64 = Debug|x64
		Debug|x86 = Debug|x86
		Release|x64 = Release|x64
		Release|x86 = Release|x86
	EndGlobalSection
	GlobalSection(ProjectConfigurationPlatforms) = postSolution
		{218E0E25-7E08-4DD4-BAF6-46490B3173FD}.Debug|x64.ActiveCfg = Debug|x64
		{218E0E25-7E08-4DD4-BAF6-46490B3173FD}.Debug|x64.Build.0 = Debug|x64
		{218E0E25-7E08-4DD4-BAF6-46490B3173FD}.Debug|x86.ActiveCfg = Debug|Win32
		{218E0E25-7E08-4DD4-BAF6-46490B3173FD}.Debug|x86.Build.0 = Debug|Win32
		{218E0E25-7E08-4DD4-BAF6-46490B3173FD}.Release|x64.ActiveCfg = Release|x64
		{218E0E25-7E08-4DD4-BAF6-46490B3173FD}.Release|x64.Build.0 = Release|x64
		{218E0E25-7E08-4DD4-BAF6-46490B3173FD}.Release|x86.ActiveCfg = Release|Win32
		{218E0E25-7E08-4DD4-BAF6-46490B3173FD}.Release|x86.Build.0 = Release|Win32
		{3DE41040-2389-48A2-9F7B-7D17AFCBCAF6}.Debug|x64.ActiveCfg = Debug|x64
		{3DE41040-2389-48A2-9F7B-7D17AFCBCAF6}.Debug|x64.Build.0 = Debug|x64
		{3DE41040-2389-48A2-9F7B-7D17AFCBCAF6}.Debug|x86.ActiveCfg = Debug|Win32
		{3DE41040-2389-48A2-9F7B-7D17AFCBCAF6}.Debug|x86.Build.0 = Debug|Win32
		{3DE41040-2389-48A2-9F7B-7D17AFCBCAF6}.Release|x64.ActiveCfg = Release|x64
		{3DE41040-2389-48A2-9F7B-7D17AFCBCAF6}.Release|x64.Build.0 = Release|x64
		{3DE41040-2389-48A2-9F7B-7D17AFCBCAF6}.Release|x86.ActiveCfg = Release|Win32
		{3DE41040-2389-48A2-9F7B-7D17AFCBCAF6}.Release|x86.Build.0 = Release|Win32
		{6B060912-9407-4900-A8B6-8AD79E59F751}.Debug|x64.ActiveCfg = Debug|x64
		{6B060912-9407-4900-A8B6-8AD79E59F751}.Debug|x64.Build.0 = Debug|x64
		{6B060912-9407-4900-A8B6-8AD79E59F751}.Debug|x86.ActiveCfg = Debug|Win32
		{6B060912-9407-4900-A8B6-8AD79E59F751}.Debug|x86.Build.0 = Debug|Win32
		{6B060912-9407-4900-A8B6-8AD79E59F751}.Release|x64.ActiveCfg = Release|x64
		{6B060912-9407-4900-A8B6-8AD79E59F751}.Release|x64.Build.0 = Release|x64
		{6B060912-9407-4900-A8B6-8AD79E59F751}.Release|x86.ActiveCfg = Release|Win32
		{6B060912-9407-4900-A8B6-8AD79E59F751}.Release|x86.Build.0 = Release|Win32
		{0618971C-8CF6-47AC-9A54-0BB85B6F38EA}.Debug|x64.ActiveCfg = Debug|x64
		{0618971C-8CF6-47AC-9A54-0BB85B6F38EA}.Debug|x64.Build.0 = Debug|x64
		{0618971C-8CF6-47AC-9A54-0BB85B6F38EA}.Debug|x86.ActiveCfg = Debug|Win32
		{0618971C-8CF6-47AC-9A54-0BB85B6F38EA}.Debug|x86.Build.0 = Debug|Win32
		{0618971C-8CF6-47AC-9A54-0BB85B6F38EA}.Release|x64.ActiveCfg = Release|x64
		{0618971C-8CF6-47AC-9A54-0BB85B6F38EA}.Release|x64.Build.0 = Release|x64
		{0618971C-8CF6-47AC-9A54-0BB85B6F38EA}.Release|x86.ActiveCfg = Release|Win32
		{0618971C-8CF6-47AC-9A54-0BB85B6F38EA}.Release|x86.Build.0 = Release|Win32
		{7ED9FD1D-44B5-4BAF-982F-DA8A483FE248}.Debug|x64.ActiveCfg = Debug|x64
		{7ED9FD1D-44B5-4BAF-982F-DA8A483FE248}.Debug|x64.Build.0 = Debug|x64
		{7ED9FD1D-44B5-4BAF-982F-DA8A483FE248}.Debug|x86.ActiveCfg = Debug|Win32
		{7ED9FD1D-44B5-4BAF-982F-DA8A483FE248}.Debug|x86.Build.0 = Debug|Win32
		{7ED9FD1D-44B5-4BAF-982F-DA8A483FE248}.Release|x64.ActiveCfg = Release|x64
		{7ED9FD1D-44B5-4BAF-982F-DA8A483FE248}.Release|x64.Build.0 = Release|x64
		{7ED9FD1D-44B5-4BAF-982F-DA8A483FE248}.Release|x86.ActiveCfg = Release|Win32
		{7ED9FD1D-44B5-4BAF-982F-DA8A483FE248}.Release|x86.Build.0 = Release|Win32
		{F350F240-6022-49A3-BCAF-4094A2D54953}.Debug|x64.ActiveCfg = Debug|x64
		{F350F240-6022-49A3-BCAF-4094A2D54953}.Debug|x64.Build.0 = Debug|x64
		{F350F240-6022-49A3-BCAF-4094A2D54953}.Debug|x86.ActiveCfg = Debug|Win32
		{F350F240-6022-49A3-BCAF-4094A2D54953}.Debug|x86.Build.0 = Debug|Win32
		{F350F240-6022-49A3-BCAF-4094A2D54953}.Release|x64.ActiveCfg = Release|x64
		{F350F240-6022-49A3-BCAF-4094A2D54953}.Release|x64.Build.0 = Release|x64
		{F350F240-6022-49A3-BCAF-4094A2D54953}.Release|x86.ActiveCfg = Release|Win32
		{F350F240-6022-49A3-BCAF-4094A2D54953}.Release|x86.Build.0 = Release|Win32
		{97CC92D3-B2F9-47C3-89E4-81C90AE57CDA}.Debug|x64.ActiveCfg = Debug|x64
		{97CC92D3-B2F9-47C3-89E4-81C90AE57CDA}.Debug|x64.Build.0 = Debug|x64
		{97CC92D3-B2F9-47C3-89E4-81C90AE57CDA}.Debug|x86.ActiveCfg = Debug|Win32
		{97CC92D3-B2F9-47C3-89E4-81C90AE57CDA}.Debug|x86.Build.0 = Debug|Win32
		{97CC92D3-B2F9-47C3-89E4-81C90AE57CDA}.Release|x64.ActiveCfg = Release|x64
		{97CC92D3-B2F9-47C3-89E4-81C90AE57CDA}.Release|x64.Build.0 = Release|x64
		{97CC92D3-B2F9-47C3-89E4-81C90AE57CDA}.Release|x86.ActiveCfg = Release|Win32
		{97CC92D3-B2F9-47C3-89E4-81C90AE57CDA}.Release|x86.Build.0 = Release|Win32
		{33B8009A-566D-410E-B41C-90012109ED44}.Debug|x64.ActiveCfg = Debug|x64
		{33B8009A-566D-410E-B41C-90012109ED44}.Debug|x64.Build.0 = Debug|x64
		{33B8009A-566D-410E-B41C-90012109ED44}.Debug|x86.ActiveCfg = Debug|Win32
		{33B8009A-566D-410E-B41C-90012109ED44}.Debug|x86.Build.0 = Debug|Win32
		{33B8009A-566D-410E-B41C-90012109ED44}.Release|x64.ActiveCfg = Release|x64
		{33B8009A-566D-410E-B41C-90012109ED44}.Release|x64.Build.0 = Release|x64
		{33B8009A-566D-410E-B41C-90012109ED44}.Release|x86.ActiveCfg = Release|Win32
		{33B8009A-566D-410E-B41C-90012109ED44}.Release|x86.Build.0 = Release|Win32
	EndGlobalSection
	GlobalSection(SolutionProperties) = preSolution
		HideSolutionNode = FALSE
	EndGlobalSection
EndGlobal
