
Microsoft Visual Studio Solution File, Format Version 12.00
# Visual Studio 15
VisualStudioVersion = 15.0.26430.16
MinimumVisualStudioVersion = 10.0.40219.1
Project("{8BC9CEB8-8B4A-11D0-8D11-00A0C91BC942}") = "지역변수와 전역변수의 비교", "지역변수와 전역변수의 비교\지역변수와 전역변수의 비교.vcxproj", "{52B0C7BA-AFCE-464D-B4F0-ABC333CDB3D3}"
EndProject
Project("{8BC9CEB8-8B4A-11D0-8D11-00A0C91BC942}") = "extern 키워드", "extern 키워드\extern 키워드.vcxproj", "{9D4586F3-ECAA-4693-BECF-680D8AF390F3}"
EndProject
Project("{8BC9CEB8-8B4A-11D0-8D11-00A0C91BC942}") = "정적변수", "정적변수\정적변수.vcxproj", "{18972D14-5CED-480B-B4FA-A75AC0E10AFC}"
EndProject
Project("{8BC9CEB8-8B4A-11D0-8D11-00A0C91BC942}") = "레지스터 변수", "레지스터 변수\레지스터 변수.vcxproj", "{618323FB-61E4-4936-92AA-085BF005A720}"
EndProject
Project("{8BC9CEB8-8B4A-11D0-8D11-00A0C91BC942}") = "C 언어와의 연결", "C 언어와의 연결\C 언어와의 연결.vcxproj", "{BC20D693-662C-4B97-9BC0-76576EE98B5F}"
EndProject
Project("{8BC9CEB8-8B4A-11D0-8D11-00A0C91BC942}") = "연산자 오버로딩", "연산자 오버로딩\연산자 오버로딩.vcxproj", "{8F4A9B56-2E60-4DD7-8F7E-98DF1F14CD6C}"
EndProject
Project("{8BC9CEB8-8B4A-11D0-8D11-00A0C91BC942}") = "일반 함수를 사용한 연산자 오버로딩", "일반 함수를 사용한 연산자 오버로딩\일반 함수를 사용한 연산자 오버로딩.vcxproj", "{57540E35-00CA-49D8-8837-5A8ABDDD1659}"
EndProject
Project("{8BC9CEB8-8B4A-11D0-8D11-00A0C91BC942}") = "C++ 스타일의 형변환", "C++ 스타일의 형변환\C++ 스타일의 형변환.vcxproj", "{909A2213-1192-4F3D-BED9-6C43E3DF5398}"
EndProject
Project("{8BC9CEB8-8B4A-11D0-8D11-00A0C91BC942}") = "네임스페이스", "네임스페이스\네임스페이스.vcxproj", "{D7E8CECB-4F43-45A1-A01C-0CC2E21D7911}"
EndProject
Project("{8BC9CEB8-8B4A-11D0-8D11-00A0C91BC942}") = "네임스페이스2", "네임스페이스2\네임스페이스2.vcxproj", "{F49F776E-E189-4D24-A158-94353CD3623B}"
EndProject
Project("{8BC9CEB8-8B4A-11D0-8D11-00A0C91BC942}") = "템플릿", "템플릿\템플릿.vcxproj", "{29E107A4-093B-434F-ADC2-79DC8192C74B}"
EndProject
Project("{8BC9CEB8-8B4A-11D0-8D11-00A0C91BC942}") = "STL 알고리즘", "STL 알고리즘\STL 알고리즘.vcxproj", "{EC814B5F-A8D2-4170-AC80-8F8F55541A9A}"
EndProject
Project("{8BC9CEB8-8B4A-11D0-8D11-00A0C91BC942}") = "C++ 스타일의 입출력", "C++ 스타일의 입출력\C++ 스타일의 입출력.vcxproj", "{E972BD1E-08D7-4481-9B55-E7057A7CBC52}"
EndProject
Project("{8BC9CEB8-8B4A-11D0-8D11-00A0C91BC942}") = "STL 컨테이너", "STL 컨테이너\STL 컨테이너.vcxproj", "{1049453A-C9D1-4AED-A019-8CF4ADE0AF48}"
EndProject
Project("{8BC9CEB8-8B4A-11D0-8D11-00A0C91BC942}") = "C 스타일의 입출력", "C 스타일의 입출력\C 스타일의 입출력.vcxproj", "{15DF6A90-5EA1-4D44-9C8A-77334B73BBCF}"
EndProject
Global
	GlobalSection(SolutionConfigurationPlatforms) = preSolution
		Debug|x64 = Debug|x64
		Debug|x86 = Debug|x86
		Release|x64 = Release|x64
		Release|x86 = Release|x86
	EndGlobalSection
	GlobalSection(ProjectConfigurationPlatforms) = postSolution
		{52B0C7BA-AFCE-464D-B4F0-ABC333CDB3D3}.Debug|x64.ActiveCfg = Debug|x64
		{52B0C7BA-AFCE-464D-B4F0-ABC333CDB3D3}.Debug|x64.Build.0 = Debug|x64
		{52B0C7BA-AFCE-464D-B4F0-ABC333CDB3D3}.Debug|x86.ActiveCfg = Debug|Win32
		{52B0C7BA-AFCE-464D-B4F0-ABC333CDB3D3}.Debug|x86.Build.0 = Debug|Win32
		{52B0C7BA-AFCE-464D-B4F0-ABC333CDB3D3}.Release|x64.ActiveCfg = Release|x64
		{52B0C7BA-AFCE-464D-B4F0-ABC333CDB3D3}.Release|x64.Build.0 = Release|x64
		{52B0C7BA-AFCE-464D-B4F0-ABC333CDB3D3}.Release|x86.ActiveCfg = Release|Win32
		{52B0C7BA-AFCE-464D-B4F0-ABC333CDB3D3}.Release|x86.Build.0 = Release|Win32
		{9D4586F3-ECAA-4693-BECF-680D8AF390F3}.Debug|x64.ActiveCfg = Debug|x64
		{9D4586F3-ECAA-4693-BECF-680D8AF390F3}.Debug|x64.Build.0 = Debug|x64
		{9D4586F3-ECAA-4693-BECF-680D8AF390F3}.Debug|x86.ActiveCfg = Debug|Win32
		{9D4586F3-ECAA-4693-BECF-680D8AF390F3}.Debug|x86.Build.0 = Debug|Win32
		{9D4586F3-ECAA-4693-BECF-680D8AF390F3}.Release|x64.ActiveCfg = Release|x64
		{9D4586F3-ECAA-4693-BECF-680D8AF390F3}.Release|x64.Build.0 = Release|x64
		{9D4586F3-ECAA-4693-BECF-680D8AF390F3}.Release|x86.ActiveCfg = Release|Win32
		{9D4586F3-ECAA-4693-BECF-680D8AF390F3}.Release|x86.Build.0 = Release|Win32
		{18972D14-5CED-480B-B4FA-A75AC0E10AFC}.Debug|x64.ActiveCfg = Debug|x64
		{18972D14-5CED-480B-B4FA-A75AC0E10AFC}.Debug|x64.Build.0 = Debug|x64
		{18972D14-5CED-480B-B4FA-A75AC0E10AFC}.Debug|x86.ActiveCfg = Debug|Win32
		{18972D14-5CED-480B-B4FA-A75AC0E10AFC}.Debug|x86.Build.0 = Debug|Win32
		{18972D14-5CED-480B-B4FA-A75AC0E10AFC}.Release|x64.ActiveCfg = Release|x64
		{18972D14-5CED-480B-B4FA-A75AC0E10AFC}.Release|x64.Build.0 = Release|x64
		{18972D14-5CED-480B-B4FA-A75AC0E10AFC}.Release|x86.ActiveCfg = Release|Win32
		{18972D14-5CED-480B-B4FA-A75AC0E10AFC}.Release|x86.Build.0 = Release|Win32
		{618323FB-61E4-4936-92AA-085BF005A720}.Debug|x64.ActiveCfg = Debug|x64
		{618323FB-61E4-4936-92AA-085BF005A720}.Debug|x64.Build.0 = Debug|x64
		{618323FB-61E4-4936-92AA-085BF005A720}.Debug|x86.ActiveCfg = Debug|Win32
		{618323FB-61E4-4936-92AA-085BF005A720}.Debug|x86.Build.0 = Debug|Win32
		{618323FB-61E4-4936-92AA-085BF005A720}.Release|x64.ActiveCfg = Release|x64
		{618323FB-61E4-4936-92AA-085BF005A720}.Release|x64.Build.0 = Release|x64
		{618323FB-61E4-4936-92AA-085BF005A720}.Release|x86.ActiveCfg = Release|Win32
		{618323FB-61E4-4936-92AA-085BF005A720}.Release|x86.Build.0 = Release|Win32
		{BC20D693-662C-4B97-9BC0-76576EE98B5F}.Debug|x64.ActiveCfg = Debug|x64
		{BC20D693-662C-4B97-9BC0-76576EE98B5F}.Debug|x64.Build.0 = Debug|x64
		{BC20D693-662C-4B97-9BC0-76576EE98B5F}.Debug|x86.ActiveCfg = Debug|Win32
		{BC20D693-662C-4B97-9BC0-76576EE98B5F}.Debug|x86.Build.0 = Debug|Win32
		{BC20D693-662C-4B97-9BC0-76576EE98B5F}.Release|x64.ActiveCfg = Release|x64
		{BC20D693-662C-4B97-9BC0-76576EE98B5F}.Release|x64.Build.0 = Release|x64
		{BC20D693-662C-4B97-9BC0-76576EE98B5F}.Release|x86.ActiveCfg = Release|Win32
		{BC20D693-662C-4B97-9BC0-76576EE98B5F}.Release|x86.Build.0 = Release|Win32
		{8F4A9B56-2E60-4DD7-8F7E-98DF1F14CD6C}.Debug|x64.ActiveCfg = Debug|x64
		{8F4A9B56-2E60-4DD7-8F7E-98DF1F14CD6C}.Debug|x64.Build.0 = Debug|x64
		{8F4A9B56-2E60-4DD7-8F7E-98DF1F14CD6C}.Debug|x86.ActiveCfg = Debug|Win32
		{8F4A9B56-2E60-4DD7-8F7E-98DF1F14CD6C}.Debug|x86.Build.0 = Debug|Win32
		{8F4A9B56-2E60-4DD7-8F7E-98DF1F14CD6C}.Release|x64.ActiveCfg = Release|x64
		{8F4A9B56-2E60-4DD7-8F7E-98DF1F14CD6C}.Release|x64.Build.0 = Release|x64
		{8F4A9B56-2E60-4DD7-8F7E-98DF1F14CD6C}.Release|x86.ActiveCfg = Release|Win32
		{8F4A9B56-2E60-4DD7-8F7E-98DF1F14CD6C}.Release|x86.Build.0 = Release|Win32
		{57540E35-00CA-49D8-8837-5A8ABDDD1659}.Debug|x64.ActiveCfg = Debug|x64
		{57540E35-00CA-49D8-8837-5A8ABDDD1659}.Debug|x64.Build.0 = Debug|x64
		{57540E35-00CA-49D8-8837-5A8ABDDD1659}.Debug|x86.ActiveCfg = Debug|Win32
		{57540E35-00CA-49D8-8837-5A8ABDDD1659}.Debug|x86.Build.0 = Debug|Win32
		{57540E35-00CA-49D8-8837-5A8ABDDD1659}.Release|x64.ActiveCfg = Release|x64
		{57540E35-00CA-49D8-8837-5A8ABDDD1659}.Release|x64.Build.0 = Release|x64
		{57540E35-00CA-49D8-8837-5A8ABDDD1659}.Release|x86.ActiveCfg = Release|Win32
		{57540E35-00CA-49D8-8837-5A8ABDDD1659}.Release|x86.Build.0 = Release|Win32
		{909A2213-1192-4F3D-BED9-6C43E3DF5398}.Debug|x64.ActiveCfg = Debug|x64
		{909A2213-1192-4F3D-BED9-6C43E3DF5398}.Debug|x64.Build.0 = Debug|x64
		{909A2213-1192-4F3D-BED9-6C43E3DF5398}.Debug|x86.ActiveCfg = Debug|Win32
		{909A2213-1192-4F3D-BED9-6C43E3DF5398}.Debug|x86.Build.0 = Debug|Win32
		{909A2213-1192-4F3D-BED9-6C43E3DF5398}.Release|x64.ActiveCfg = Release|x64
		{909A2213-1192-4F3D-BED9-6C43E3DF5398}.Release|x64.Build.0 = Release|x64
		{909A2213-1192-4F3D-BED9-6C43E3DF5398}.Release|x86.ActiveCfg = Release|Win32
		{909A2213-1192-4F3D-BED9-6C43E3DF5398}.Release|x86.Build.0 = Release|Win32
		{D7E8CECB-4F43-45A1-A01C-0CC2E21D7911}.Debug|x64.ActiveCfg = Debug|x64
		{D7E8CECB-4F43-45A1-A01C-0CC2E21D7911}.Debug|x64.Build.0 = Debug|x64
		{D7E8CECB-4F43-45A1-A01C-0CC2E21D7911}.Debug|x86.ActiveCfg = Debug|Win32
		{D7E8CECB-4F43-45A1-A01C-0CC2E21D7911}.Debug|x86.Build.0 = Debug|Win32
		{D7E8CECB-4F43-45A1-A01C-0CC2E21D7911}.Release|x64.ActiveCfg = Release|x64
		{D7E8CECB-4F43-45A1-A01C-0CC2E21D7911}.Release|x64.Build.0 = Release|x64
		{D7E8CECB-4F43-45A1-A01C-0CC2E21D7911}.Release|x86.ActiveCfg = Release|Win32
		{D7E8CECB-4F43-45A1-A01C-0CC2E21D7911}.Release|x86.Build.0 = Release|Win32
		{F49F776E-E189-4D24-A158-94353CD3623B}.Debug|x64.ActiveCfg = Debug|x64
		{F49F776E-E189-4D24-A158-94353CD3623B}.Debug|x64.Build.0 = Debug|x64
		{F49F776E-E189-4D24-A158-94353CD3623B}.Debug|x86.ActiveCfg = Debug|Win32
		{F49F776E-E189-4D24-A158-94353CD3623B}.Debug|x86.Build.0 = Debug|Win32
		{F49F776E-E189-4D24-A158-94353CD3623B}.Release|x64.ActiveCfg = Release|x64
		{F49F776E-E189-4D24-A158-94353CD3623B}.Release|x64.Build.0 = Release|x64
		{F49F776E-E189-4D24-A158-94353CD3623B}.Release|x86.ActiveCfg = Release|Win32
		{F49F776E-E189-4D24-A158-94353CD3623B}.Release|x86.Build.0 = Release|Win32
		{29E107A4-093B-434F-ADC2-79DC8192C74B}.Debug|x64.ActiveCfg = Debug|x64
		{29E107A4-093B-434F-ADC2-79DC8192C74B}.Debug|x64.Build.0 = Debug|x64
		{29E107A4-093B-434F-ADC2-79DC8192C74B}.Debug|x86.ActiveCfg = Debug|Win32
		{29E107A4-093B-434F-ADC2-79DC8192C74B}.Debug|x86.Build.0 = Debug|Win32
		{29E107A4-093B-434F-ADC2-79DC8192C74B}.Release|x64.ActiveCfg = Release|x64
		{29E107A4-093B-434F-ADC2-79DC8192C74B}.Release|x64.Build.0 = Release|x64
		{29E107A4-093B-434F-ADC2-79DC8192C74B}.Release|x86.ActiveCfg = Release|Win32
		{29E107A4-093B-434F-ADC2-79DC8192C74B}.Release|x86.Build.0 = Release|Win32
		{EC814B5F-A8D2-4170-AC80-8F8F55541A9A}.Debug|x64.ActiveCfg = Debug|x64
		{EC814B5F-A8D2-4170-AC80-8F8F55541A9A}.Debug|x64.Build.0 = Debug|x64
		{EC814B5F-A8D2-4170-AC80-8F8F55541A9A}.Debug|x86.ActiveCfg = Debug|Win32
		{EC814B5F-A8D2-4170-AC80-8F8F55541A9A}.Debug|x86.Build.0 = Debug|Win32
		{EC814B5F-A8D2-4170-AC80-8F8F55541A9A}.Release|x64.ActiveCfg = Release|x64
		{EC814B5F-A8D2-4170-AC80-8F8F55541A9A}.Release|x64.Build.0 = Release|x64
		{EC814B5F-A8D2-4170-AC80-8F8F55541A9A}.Release|x86.ActiveCfg = Release|Win32
		{EC814B5F-A8D2-4170-AC80-8F8F55541A9A}.Release|x86.Build.0 = Release|Win32
		{E972BD1E-08D7-4481-9B55-E7057A7CBC52}.Debug|x64.ActiveCfg = Debug|x64
		{E972BD1E-08D7-4481-9B55-E7057A7CBC52}.Debug|x64.Build.0 = Debug|x64
		{E972BD1E-08D7-4481-9B55-E7057A7CBC52}.Debug|x86.ActiveCfg = Debug|Win32
		{E972BD1E-08D7-4481-9B55-E7057A7CBC52}.Debug|x86.Build.0 = Debug|Win32
		{E972BD1E-08D7-4481-9B55-E7057A7CBC52}.Release|x64.ActiveCfg = Release|x64
		{E972BD1E-08D7-4481-9B55-E7057A7CBC52}.Release|x64.Build.0 = Release|x64
		{E972BD1E-08D7-4481-9B55-E7057A7CBC52}.Release|x86.ActiveCfg = Release|Win32
		{E972BD1E-08D7-4481-9B55-E7057A7CBC52}.Release|x86.Build.0 = Release|Win32
		{1049453A-C9D1-4AED-A019-8CF4ADE0AF48}.Debug|x64.ActiveCfg = Debug|x64
		{1049453A-C9D1-4AED-A019-8CF4ADE0AF48}.Debug|x64.Build.0 = Debug|x64
		{1049453A-C9D1-4AED-A019-8CF4ADE0AF48}.Debug|x86.ActiveCfg = Debug|Win32
		{1049453A-C9D1-4AED-A019-8CF4ADE0AF48}.Debug|x86.Build.0 = Debug|Win32
		{1049453A-C9D1-4AED-A019-8CF4ADE0AF48}.Release|x64.ActiveCfg = Release|x64
		{1049453A-C9D1-4AED-A019-8CF4ADE0AF48}.Release|x64.Build.0 = Release|x64
		{1049453A-C9D1-4AED-A019-8CF4ADE0AF48}.Release|x86.ActiveCfg = Release|Win32
		{1049453A-C9D1-4AED-A019-8CF4ADE0AF48}.Release|x86.Build.0 = Release|Win32
		{15DF6A90-5EA1-4D44-9C8A-77334B73BBCF}.Debug|x64.ActiveCfg = Debug|x64
		{15DF6A90-5EA1-4D44-9C8A-77334B73BBCF}.Debug|x64.Build.0 = Debug|x64
		{15DF6A90-5EA1-4D44-9C8A-77334B73BBCF}.Debug|x86.ActiveCfg = Debug|Win32
		{15DF6A90-5EA1-4D44-9C8A-77334B73BBCF}.Debug|x86.Build.0 = Debug|Win32
		{15DF6A90-5EA1-4D44-9C8A-77334B73BBCF}.Release|x64.ActiveCfg = Release|x64
		{15DF6A90-5EA1-4D44-9C8A-77334B73BBCF}.Release|x64.Build.0 = Release|x64
		{15DF6A90-5EA1-4D44-9C8A-77334B73BBCF}.Release|x86.ActiveCfg = Release|Win32
		{15DF6A90-5EA1-4D44-9C8A-77334B73BBCF}.Release|x86.Build.0 = Release|Win32
	EndGlobalSection
	GlobalSection(SolutionProperties) = preSolution
		HideSolutionNode = FALSE
	EndGlobalSection
EndGlobal
