
Microsoft Visual Studio Solution File, Format Version 12.00
# Visual Studio 15
VisualStudioVersion = 15.0.26430.16
MinimumVisualStudioVersion = 10.0.40219.1
Project("{8BC9CEB8-8B4A-11D0-8D11-00A0C91BC942}") = "객체지향 프로그래밍", "객체지향 프로그래밍\객체지향 프로그래밍.vcxproj", "{EF4DDA8C-8533-493C-9BFD-009B90ACA9F7}"
EndProject
Project("{8BC9CEB8-8B4A-11D0-8D11-00A0C91BC942}") = "생성자와 소멸자", "생성자와 소멸자\생성자와 소멸자.vcxproj", "{DC7C697E-0041-4B01-B589-B966929685B6}"
EndProject
Project("{8BC9CEB8-8B4A-11D0-8D11-00A0C91BC942}") = "생성자 초기화 리스트", "생성자 초기화 리스트\생성자 초기화 리스트.vcxproj", "{268BA86C-0B43-4A8C-907F-C5F7108FA0F2}"
EndProject
Project("{8BC9CEB8-8B4A-11D0-8D11-00A0C91BC942}") = "생성자를 사용해서 임시 객체 만들기", "생성자를 사용해서 임시 객체 만들기\생성자를 사용해서 임시 객체 만들기.vcxproj", "{7C7853BF-D60E-4749-89D8-1219EE5046B6}"
EndProject
Project("{8BC9CEB8-8B4A-11D0-8D11-00A0C91BC942}") = "소멸자", "소멸자\소멸자.vcxproj", "{8F8CDC82-08FD-42D6-8E73-E9BF98F90668}"
EndProject
Project("{8BC9CEB8-8B4A-11D0-8D11-00A0C91BC942}") = "접근제어", "접근제어\접근제어.vcxproj", "{59A3248E-E448-4868-B4B8-F968E92F64C4}"
EndProject
Project("{8BC9CEB8-8B4A-11D0-8D11-00A0C91BC942}") = "접근자", "접근자\접근자.vcxproj", "{1426827C-9C96-4D65-871C-B1D15E1D2D2A}"
EndProject
Project("{8BC9CEB8-8B4A-11D0-8D11-00A0C91BC942}") = "정적멤버", "정적멤버\정적멤버.vcxproj", "{F7F9686D-BD76-44EF-8E8C-BD9A741D6775}"
EndProject
Project("{8BC9CEB8-8B4A-11D0-8D11-00A0C91BC942}") = "당구공 문제", "당구공 문제\당구공 문제.vcxproj", "{0FD0D776-BFB0-4ADB-93A6-DE4B457FB471}"
EndProject
Project("{8BC9CEB8-8B4A-11D0-8D11-00A0C91BC942}") = "헤더파일과 구현파일", "헤더파일과 구현파일\헤더파일과 구현파일.vcxproj", "{3C3A67D7-10D8-49AC-81B3-59CA317790B2}"
EndProject
Project("{8BC9CEB8-8B4A-11D0-8D11-00A0C91BC942}") = "인라인 함수", "인라인 함수\인라인 함수.vcxproj", "{9C6C9355-130C-49A5-852A-AB23B782A09C}"
EndProject
Project("{8BC9CEB8-8B4A-11D0-8D11-00A0C91BC942}") = "const 함수", "const 함수\const 함수.vcxproj", "{7CD6943D-0860-47C7-AD4D-30E7352AFB73}"
EndProject
Project("{8BC9CEB8-8B4A-11D0-8D11-00A0C91BC942}") = "멤버함수에 대한 포인터", "멤버함수에 대한 포인터\멤버함수에 대한 포인터.vcxproj", "{3F3A3CA9-76F9-4ED5-A2E5-1A975A78C43A}"
EndProject
Project("{8BC9CEB8-8B4A-11D0-8D11-00A0C91BC942}") = "멤버 함수의 오버로딩", "멤버 함수의 오버로딩\멤버 함수의 오버로딩.vcxproj", "{C1A61331-6747-4D15-9B23-51C14E5A17FB}"
EndProject
Project("{8BC9CEB8-8B4A-11D0-8D11-00A0C91BC942}") = "객체의 배열", "객체의 배열\객체의 배열.vcxproj", "{C79064BE-0C80-4494-B1B3-A7ED6C82F40E}"
EndProject
Project("{8BC9CEB8-8B4A-11D0-8D11-00A0C91BC942}") = "객체의 동적인 생성", "객체의 동적인 생성\객체의 동적인 생성.vcxproj", "{D4B89348-5144-45B1-A060-AF483682CC51}"
EndProject
Project("{8BC9CEB8-8B4A-11D0-8D11-00A0C91BC942}") = "정적 멤버 함수에서 객체 생성", "정적 멤버 함수에서 객체 생성\정적 멤버 함수에서 객체 생성.vcxproj", "{B7D26DBD-E8D8-483D-B4C9-8FA441581166}"
EndProject
Project("{8BC9CEB8-8B4A-11D0-8D11-00A0C91BC942}") = "This포인터", "This포인터\This포인터.vcxproj", "{6F4DA301-7DCA-49A2-B3F5-56A1509A287A}"
EndProject
Project("{8BC9CEB8-8B4A-11D0-8D11-00A0C91BC942}") = "Color", "Color\Color.vcxproj", "{4B42168E-25FC-408C-B58F-C772B514D15A}"
EndProject
Global
	GlobalSection(SolutionConfigurationPlatforms) = preSolution
		Debug|x64 = Debug|x64
		Debug|x86 = Debug|x86
		Release|x64 = Release|x64
		Release|x86 = Release|x86
	EndGlobalSection
	GlobalSection(ProjectConfigurationPlatforms) = postSolution
		{EF4DDA8C-8533-493C-9BFD-009B90ACA9F7}.Debug|x64.ActiveCfg = Debug|x64
		{EF4DDA8C-8533-493C-9BFD-009B90ACA9F7}.Debug|x64.Build.0 = Debug|x64
		{EF4DDA8C-8533-493C-9BFD-009B90ACA9F7}.Debug|x86.ActiveCfg = Debug|Win32
		{EF4DDA8C-8533-493C-9BFD-009B90ACA9F7}.Debug|x86.Build.0 = Debug|Win32
		{EF4DDA8C-8533-493C-9BFD-009B90ACA9F7}.Release|x64.ActiveCfg = Release|x64
		{EF4DDA8C-8533-493C-9BFD-009B90ACA9F7}.Release|x64.Build.0 = Release|x64
		{EF4DDA8C-8533-493C-9BFD-009B90ACA9F7}.Release|x86.ActiveCfg = Release|Win32
		{EF4DDA8C-8533-493C-9BFD-009B90ACA9F7}.Release|x86.Build.0 = Release|Win32
		{DC7C697E-0041-4B01-B589-B966929685B6}.Debug|x64.ActiveCfg = Debug|x64
		{DC7C697E-0041-4B01-B589-B966929685B6}.Debug|x64.Build.0 = Debug|x64
		{DC7C697E-0041-4B01-B589-B966929685B6}.Debug|x86.ActiveCfg = Debug|Win32
		{DC7C697E-0041-4B01-B589-B966929685B6}.Debug|x86.Build.0 = Debug|Win32
		{DC7C697E-0041-4B01-B589-B966929685B6}.Release|x64.ActiveCfg = Release|x64
		{DC7C697E-0041-4B01-B589-B966929685B6}.Release|x64.Build.0 = Release|x64
		{DC7C697E-0041-4B01-B589-B966929685B6}.Release|x86.ActiveCfg = Release|Win32
		{DC7C697E-0041-4B01-B589-B966929685B6}.Release|x86.Build.0 = Release|Win32
		{268BA86C-0B43-4A8C-907F-C5F7108FA0F2}.Debug|x64.ActiveCfg = Debug|x64
		{268BA86C-0B43-4A8C-907F-C5F7108FA0F2}.Debug|x64.Build.0 = Debug|x64
		{268BA86C-0B43-4A8C-907F-C5F7108FA0F2}.Debug|x86.ActiveCfg = Debug|Win32
		{268BA86C-0B43-4A8C-907F-C5F7108FA0F2}.Debug|x86.Build.0 = Debug|Win32
		{268BA86C-0B43-4A8C-907F-C5F7108FA0F2}.Release|x64.ActiveCfg = Release|x64
		{268BA86C-0B43-4A8C-907F-C5F7108FA0F2}.Release|x64.Build.0 = Release|x64
		{268BA86C-0B43-4A8C-907F-C5F7108FA0F2}.Release|x86.ActiveCfg = Release|Win32
		{268BA86C-0B43-4A8C-907F-C5F7108FA0F2}.Release|x86.Build.0 = Release|Win32
		{7C7853BF-D60E-4749-89D8-1219EE5046B6}.Debug|x64.ActiveCfg = Debug|x64
		{7C7853BF-D60E-4749-89D8-1219EE5046B6}.Debug|x64.Build.0 = Debug|x64
		{7C7853BF-D60E-4749-89D8-1219EE5046B6}.Debug|x86.ActiveCfg = Debug|Win32
		{7C7853BF-D60E-4749-89D8-1219EE5046B6}.Debug|x86.Build.0 = Debug|Win32
		{7C7853BF-D60E-4749-89D8-1219EE5046B6}.Release|x64.ActiveCfg = Release|x64
		{7C7853BF-D60E-4749-89D8-1219EE5046B6}.Release|x64.Build.0 = Release|x64
		{7C7853BF-D60E-4749-89D8-1219EE5046B6}.Release|x86.ActiveCfg = Release|Win32
		{7C7853BF-D60E-4749-89D8-1219EE5046B6}.Release|x86.Build.0 = Release|Win32
		{8F8CDC82-08FD-42D6-8E73-E9BF98F90668}.Debug|x64.ActiveCfg = Debug|x64
		{8F8CDC82-08FD-42D6-8E73-E9BF98F90668}.Debug|x64.Build.0 = Debug|x64
		{8F8CDC82-08FD-42D6-8E73-E9BF98F90668}.Debug|x86.ActiveCfg = Debug|Win32
		{8F8CDC82-08FD-42D6-8E73-E9BF98F90668}.Debug|x86.Build.0 = Debug|Win32
		{8F8CDC82-08FD-42D6-8E73-E9BF98F90668}.Release|x64.ActiveCfg = Release|x64
		{8F8CDC82-08FD-42D6-8E73-E9BF98F90668}.Release|x64.Build.0 = Release|x64
		{8F8CDC82-08FD-42D6-8E73-E9BF98F90668}.Release|x86.ActiveCfg = Release|Win32
		{8F8CDC82-08FD-42D6-8E73-E9BF98F90668}.Release|x86.Build.0 = Release|Win32
		{59A3248E-E448-4868-B4B8-F968E92F64C4}.Debug|x64.ActiveCfg = Debug|x64
		{59A3248E-E448-4868-B4B8-F968E92F64C4}.Debug|x64.Build.0 = Debug|x64
		{59A3248E-E448-4868-B4B8-F968E92F64C4}.Debug|x86.ActiveCfg = Debug|Win32
		{59A3248E-E448-4868-B4B8-F968E92F64C4}.Debug|x86.Build.0 = Debug|Win32
		{59A3248E-E448-4868-B4B8-F968E92F64C4}.Release|x64.ActiveCfg = Release|x64
		{59A3248E-E448-4868-B4B8-F968E92F64C4}.Release|x64.Build.0 = Release|x64
		{59A3248E-E448-4868-B4B8-F968E92F64C4}.Release|x86.ActiveCfg = Release|Win32
		{59A3248E-E448-4868-B4B8-F968E92F64C4}.Release|x86.Build.0 = Release|Win32
		{1426827C-9C96-4D65-871C-B1D15E1D2D2A}.Debug|x64.ActiveCfg = Debug|x64
		{1426827C-9C96-4D65-871C-B1D15E1D2D2A}.Debug|x64.Build.0 = Debug|x64
		{1426827C-9C96-4D65-871C-B1D15E1D2D2A}.Debug|x86.ActiveCfg = Debug|Win32
		{1426827C-9C96-4D65-871C-B1D15E1D2D2A}.Debug|x86.Build.0 = Debug|Win32
		{1426827C-9C96-4D65-871C-B1D15E1D2D2A}.Release|x64.ActiveCfg = Release|x64
		{1426827C-9C96-4D65-871C-B1D15E1D2D2A}.Release|x64.Build.0 = Release|x64
		{1426827C-9C96-4D65-871C-B1D15E1D2D2A}.Release|x86.ActiveCfg = Release|Win32
		{1426827C-9C96-4D65-871C-B1D15E1D2D2A}.Release|x86.Build.0 = Release|Win32
		{F7F9686D-BD76-44EF-8E8C-BD9A741D6775}.Debug|x64.ActiveCfg = Debug|x64
		{F7F9686D-BD76-44EF-8E8C-BD9A741D6775}.Debug|x64.Build.0 = Debug|x64
		{F7F9686D-BD76-44EF-8E8C-BD9A741D6775}.Debug|x86.ActiveCfg = Debug|Win32
		{F7F9686D-BD76-44EF-8E8C-BD9A741D6775}.Debug|x86.Build.0 = Debug|Win32
		{F7F9686D-BD76-44EF-8E8C-BD9A741D6775}.Release|x64.ActiveCfg = Release|x64
		{F7F9686D-BD76-44EF-8E8C-BD9A741D6775}.Release|x64.Build.0 = Release|x64
		{F7F9686D-BD76-44EF-8E8C-BD9A741D6775}.Release|x86.ActiveCfg = Release|Win32
		{F7F9686D-BD76-44EF-8E8C-BD9A741D6775}.Release|x86.Build.0 = Release|Win32
		{0FD0D776-BFB0-4ADB-93A6-DE4B457FB471}.Debug|x64.ActiveCfg = Debug|x64
		{0FD0D776-BFB0-4ADB-93A6-DE4B457FB471}.Debug|x64.Build.0 = Debug|x64
		{0FD0D776-BFB0-4ADB-93A6-DE4B457FB471}.Debug|x86.ActiveCfg = Debug|Win32
		{0FD0D776-BFB0-4ADB-93A6-DE4B457FB471}.Debug|x86.Build.0 = Debug|Win32
		{0FD0D776-BFB0-4ADB-93A6-DE4B457FB471}.Release|x64.ActiveCfg = Release|x64
		{0FD0D776-BFB0-4ADB-93A6-DE4B457FB471}.Release|x64.Build.0 = Release|x64
		{0FD0D776-BFB0-4ADB-93A6-DE4B457FB471}.Release|x86.ActiveCfg = Release|Win32
		{0FD0D776-BFB0-4ADB-93A6-DE4B457FB471}.Release|x86.Build.0 = Release|Win32
		{3C3A67D7-10D8-49AC-81B3-59CA317790B2}.Debug|x64.ActiveCfg = Debug|x64
		{3C3A67D7-10D8-49AC-81B3-59CA317790B2}.Debug|x64.Build.0 = Debug|x64
		{3C3A67D7-10D8-49AC-81B3-59CA317790B2}.Debug|x86.ActiveCfg = Debug|Win32
		{3C3A67D7-10D8-49AC-81B3-59CA317790B2}.Debug|x86.Build.0 = Debug|Win32
		{3C3A67D7-10D8-49AC-81B3-59CA317790B2}.Release|x64.ActiveCfg = Release|x64
		{3C3A67D7-10D8-49AC-81B3-59CA317790B2}.Release|x64.Build.0 = Release|x64
		{3C3A67D7-10D8-49AC-81B3-59CA317790B2}.Release|x86.ActiveCfg = Release|Win32
		{3C3A67D7-10D8-49AC-81B3-59CA317790B2}.Release|x86.Build.0 = Release|Win32
		{9C6C9355-130C-49A5-852A-AB23B782A09C}.Debug|x64.ActiveCfg = Debug|x64
		{9C6C9355-130C-49A5-852A-AB23B782A09C}.Debug|x64.Build.0 = Debug|x64
		{9C6C9355-130C-49A5-852A-AB23B782A09C}.Debug|x86.ActiveCfg = Debug|Win32
		{9C6C9355-130C-49A5-852A-AB23B782A09C}.Debug|x86.Build.0 = Debug|Win32
		{9C6C9355-130C-49A5-852A-AB23B782A09C}.Release|x64.ActiveCfg = Release|x64
		{9C6C9355-130C-49A5-852A-AB23B782A09C}.Release|x64.Build.0 = Release|x64
		{9C6C9355-130C-49A5-852A-AB23B782A09C}.Release|x86.ActiveCfg = Release|Win32
		{9C6C9355-130C-49A5-852A-AB23B782A09C}.Release|x86.Build.0 = Release|Win32
		{7CD6943D-0860-47C7-AD4D-30E7352AFB73}.Debug|x64.ActiveCfg = Debug|x64
		{7CD6943D-0860-47C7-AD4D-30E7352AFB73}.Debug|x64.Build.0 = Debug|x64
		{7CD6943D-0860-47C7-AD4D-30E7352AFB73}.Debug|x86.ActiveCfg = Debug|Win32
		{7CD6943D-0860-47C7-AD4D-30E7352AFB73}.Debug|x86.Build.0 = Debug|Win32
		{7CD6943D-0860-47C7-AD4D-30E7352AFB73}.Release|x64.ActiveCfg = Release|x64
		{7CD6943D-0860-47C7-AD4D-30E7352AFB73}.Release|x64.Build.0 = Release|x64
		{7CD6943D-0860-47C7-AD4D-30E7352AFB73}.Release|x86.ActiveCfg = Release|Win32
		{7CD6943D-0860-47C7-AD4D-30E7352AFB73}.Release|x86.Build.0 = Release|Win32
		{3F3A3CA9-76F9-4ED5-A2E5-1A975A78C43A}.Debug|x64.ActiveCfg = Debug|x64
		{3F3A3CA9-76F9-4ED5-A2E5-1A975A78C43A}.Debug|x64.Build.0 = Debug|x64
		{3F3A3CA9-76F9-4ED5-A2E5-1A975A78C43A}.Debug|x86.ActiveCfg = Debug|Win32
		{3F3A3CA9-76F9-4ED5-A2E5-1A975A78C43A}.Debug|x86.Build.0 = Debug|Win32
		{3F3A3CA9-76F9-4ED5-A2E5-1A975A78C43A}.Release|x64.ActiveCfg = Release|x64
		{3F3A3CA9-76F9-4ED5-A2E5-1A975A78C43A}.Release|x64.Build.0 = Release|x64
		{3F3A3CA9-76F9-4ED5-A2E5-1A975A78C43A}.Release|x86.ActiveCfg = Release|Win32
		{3F3A3CA9-76F9-4ED5-A2E5-1A975A78C43A}.Release|x86.Build.0 = Release|Win32
		{C1A61331-6747-4D15-9B23-51C14E5A17FB}.Debug|x64.ActiveCfg = Debug|x64
		{C1A61331-6747-4D15-9B23-51C14E5A17FB}.Debug|x64.Build.0 = Debug|x64
		{C1A61331-6747-4D15-9B23-51C14E5A17FB}.Debug|x86.ActiveCfg = Debug|Win32
		{C1A61331-6747-4D15-9B23-51C14E5A17FB}.Debug|x86.Build.0 = Debug|Win32
		{C1A61331-6747-4D15-9B23-51C14E5A17FB}.Release|x64.ActiveCfg = Release|x64
		{C1A61331-6747-4D15-9B23-51C14E5A17FB}.Release|x64.Build.0 = Release|x64
		{C1A61331-6747-4D15-9B23-51C14E5A17FB}.Release|x86.ActiveCfg = Release|Win32
		{C1A61331-6747-4D15-9B23-51C14E5A17FB}.Release|x86.Build.0 = Release|Win32
		{C79064BE-0C80-4494-B1B3-A7ED6C82F40E}.Debug|x64.ActiveCfg = Debug|x64
		{C79064BE-0C80-4494-B1B3-A7ED6C82F40E}.Debug|x64.Build.0 = Debug|x64
		{C79064BE-0C80-4494-B1B3-A7ED6C82F40E}.Debug|x86.ActiveCfg = Debug|Win32
		{C79064BE-0C80-4494-B1B3-A7ED6C82F40E}.Debug|x86.Build.0 = Debug|Win32
		{C79064BE-0C80-4494-B1B3-A7ED6C82F40E}.Release|x64.ActiveCfg = Release|x64
		{C79064BE-0C80-4494-B1B3-A7ED6C82F40E}.Release|x64.Build.0 = Release|x64
		{C79064BE-0C80-4494-B1B3-A7ED6C82F40E}.Release|x86.ActiveCfg = Release|Win32
		{C79064BE-0C80-4494-B1B3-A7ED6C82F40E}.Release|x86.Build.0 = Release|Win32
		{D4B89348-5144-45B1-A060-AF483682CC51}.Debug|x64.ActiveCfg = Debug|x64
		{D4B89348-5144-45B1-A060-AF483682CC51}.Debug|x64.Build.0 = Debug|x64
		{D4B89348-5144-45B1-A060-AF483682CC51}.Debug|x86.ActiveCfg = Debug|Win32
		{D4B89348-5144-45B1-A060-AF483682CC51}.Debug|x86.Build.0 = Debug|Win32
		{D4B89348-5144-45B1-A060-AF483682CC51}.Release|x64.ActiveCfg = Release|x64
		{D4B89348-5144-45B1-A060-AF483682CC51}.Release|x64.Build.0 = Release|x64
		{D4B89348-5144-45B1-A060-AF483682CC51}.Release|x86.ActiveCfg = Release|Win32
		{D4B89348-5144-45B1-A060-AF483682CC51}.Release|x86.Build.0 = Release|Win32
		{B7D26DBD-E8D8-483D-B4C9-8FA441581166}.Debug|x64.ActiveCfg = Debug|x64
		{B7D26DBD-E8D8-483D-B4C9-8FA441581166}.Debug|x64.Build.0 = Debug|x64
		{B7D26DBD-E8D8-483D-B4C9-8FA441581166}.Debug|x86.ActiveCfg = Debug|Win32
		{B7D26DBD-E8D8-483D-B4C9-8FA441581166}.Debug|x86.Build.0 = Debug|Win32
		{B7D26DBD-E8D8-483D-B4C9-8FA441581166}.Release|x64.ActiveCfg = Release|x64
		{B7D26DBD-E8D8-483D-B4C9-8FA441581166}.Release|x64.Build.0 = Release|x64
		{B7D26DBD-E8D8-483D-B4C9-8FA441581166}.Release|x86.ActiveCfg = Release|Win32
		{B7D26DBD-E8D8-483D-B4C9-8FA441581166}.Release|x86.Build.0 = Release|Win32
		{6F4DA301-7DCA-49A2-B3F5-56A1509A287A}.Debug|x64.ActiveCfg = Debug|x64
		{6F4DA301-7DCA-49A2-B3F5-56A1509A287A}.Debug|x64.Build.0 = Debug|x64
		{6F4DA301-7DCA-49A2-B3F5-56A1509A287A}.Debug|x86.ActiveCfg = Debug|Win32
		{6F4DA301-7DCA-49A2-B3F5-56A1509A287A}.Debug|x86.Build.0 = Debug|Win32
		{6F4DA301-7DCA-49A2-B3F5-56A1509A287A}.Release|x64.ActiveCfg = Release|x64
		{6F4DA301-7DCA-49A2-B3F5-56A1509A287A}.Release|x64.Build.0 = Release|x64
		{6F4DA301-7DCA-49A2-B3F5-56A1509A287A}.Release|x86.ActiveCfg = Release|Win32
		{6F4DA301-7DCA-49A2-B3F5-56A1509A287A}.Release|x86.Build.0 = Release|Win32
		{4B42168E-25FC-408C-B58F-C772B514D15A}.Debug|x64.ActiveCfg = Debug|x64
		{4B42168E-25FC-408C-B58F-C772B514D15A}.Debug|x64.Build.0 = Debug|x64
		{4B42168E-25FC-408C-B58F-C772B514D15A}.Debug|x86.ActiveCfg = Debug|Win32
		{4B42168E-25FC-408C-B58F-C772B514D15A}.Debug|x86.Build.0 = Debug|Win32
		{4B42168E-25FC-408C-B58F-C772B514D15A}.Release|x64.ActiveCfg = Release|x64
		{4B42168E-25FC-408C-B58F-C772B514D15A}.Release|x64.Build.0 = Release|x64
		{4B42168E-25FC-408C-B58F-C772B514D15A}.Release|x86.ActiveCfg = Release|Win32
		{4B42168E-25FC-408C-B58F-C772B514D15A}.Release|x86.Build.0 = Release|Win32
	EndGlobalSection
	GlobalSection(SolutionProperties) = preSolution
		HideSolutionNode = FALSE
	EndGlobalSection
EndGlobal
